
Microsoft Visual Studio Solution File, Format Version 12.00
# Visual Studio 15
VisualStudioVersion = 15.0.28307.271
MinimumVisualStudioVersion = 10.0.40219.1
Project("{FAE04EC0-301F-11D3-BF4B-00C04F79EFBC}") = "CAML", "CAML\CAML.csproj", "{E64DF019-7CC7-44A1-AFEF-483A03B49F45}"
EndProject
Project("{FAE04EC0-301F-11D3-BF4B-00C04F79EFBC}") = "CAMLTest", "CAMLTest\CAMLTest.csproj", "{C51CBC86-26F8-418E-9413-1DDA48BD4CF0}"
EndProject
Global
	GlobalSection(SolutionConfigurationPlatforms) = preSolution
		Debug|Any CPU = Debug|Any CPU
		Release|Any CPU = Release|Any CPU
	EndGlobalSection
	GlobalSection(ProjectConfigurationPlatforms) = postSolution
		{E64DF019-7CC7-44A1-AFEF-483A03B49F45}.Debug|Any CPU.ActiveCfg = Debug|Any CPU
		{E64DF019-7CC7-44A1-AFEF-483A03B49F45}.Debug|Any CPU.Build.0 = Debug|Any CPU
		{E64DF019-7CC7-44A1-AFEF-483A03B49F45}.Release|Any CPU.ActiveCfg = Release|Any CPU
		{E64DF019-7CC7-44A1-AFEF-483A03B49F45}.Release|Any CPU.Build.0 = Release|Any CPU
		{C51CBC86-26F8-418E-9413-1DDA48BD4CF0}.Debug|Any CPU.ActiveCfg = Debug|Any CPU
		{C51CBC86-26F8-418E-9413-1DDA48BD4CF0}.Debug|Any CPU.Build.0 = Debug|Any CPU
		{C51CBC86-26F8-418E-9413-1DDA48BD4CF0}.Release|Any CPU.ActiveCfg = Release|Any CPU
		{C51CBC86-26F8-418E-9413-1DDA48BD4CF0}.Release|Any CPU.Build.0 = Release|Any CPU
	EndGlobalSection
	GlobalSection(SolutionProperties) = preSolution
		HideSolutionNode = FALSE
	EndGlobalSection
	GlobalSection(ExtensibilityGlobals) = postSolution
		SolutionGuid = {7EB4491F-8523-4430-9BA9-2D55ED86F7B3}
	EndGlobalSection
EndGlobal
